
Microsoft Visual Studio Solution File, Format Version 12.00
Project("{FAE04EC0-301F-11D3-BF4B-00C04F79EFBC}") = "EasyBus.AzureServiceBus", "src\EasyBus.AzureServiceBus\EasyBus.AzureServiceBus.csproj", "{433E68C5-2F5A-40E0-B052-54CD200B7E99}"
EndProject
Project("{FAE04EC0-301F-11D3-BF4B-00C04F79EFBC}") = "EasyBus.Core", "src\EasyBus.Core\EasyBus.Core.csproj", "{CABF00B7-72B7-431A-84EA-02EB25F42837}"
EndProject
Project("{FAE04EC0-301F-11D3-BF4B-00C04F79EFBC}") = "EasyBus.Infrastructure", "src\EasyBus.Infrastructure\EasyBus.Infrastructure.csproj", "{7DC301C0-82E9-4329-9D95-597012BE826A}"
EndProject
Project("{FAE04EC0-301F-11D3-BF4B-00C04F79EFBC}") = "EasyBus.Example", "src\EasyBus.Example\EasyBus.Example.csproj", "{576612A7-A160-483A-9653-1542DBC8A8D1}"
EndProject
Project("{2150E333-8FDC-42A3-9474-1A3956D46DE8}") = "Items", "Items", "{CA3CD903-351A-4E94-A4BD-0A2C2816BBB8}"
	ProjectSection(SolutionItems) = preProject
		LICENSE = LICENSE
		readme.md = readme.md
	EndProjectSection
EndProject
Project("{FAE04EC0-301F-11D3-BF4B-00C04F79EFBC}") = "EasyBus.InMemory", "src\EasyBus.InMemory\EasyBus.InMemory.csproj", "{D93465EB-CAF5-4C9B-97F4-9E357A08DB83}"
EndProject
Project("{FAE04EC0-301F-11D3-BF4B-00C04F79EFBC}") = "EasyBus.Outbox", "src\EasyBus.Outbox\EasyBus.Outbox.csproj", "{BA0949D2-7690-420B-A5DE-531E519E77A9}"
EndProject
Project("{2150E333-8FDC-42A3-9474-1A3956D46DE8}") = "Inbox", "Inbox", "{9F44C232-2017-4CA3-9E11-E33B454E00B4}"
EndProject
Project("{FAE04EC0-301F-11D3-BF4B-00C04F79EFBC}") = "EasyBus.Inbox.AzureServiceBus", "src\EasyBus.Inbox.AzureServiceBus\EasyBus.Inbox.AzureServiceBus.csproj", "{297F1C3B-6644-4C6E-937F-622DA74E85AB}"
EndProject
Project("{FAE04EC0-301F-11D3-BF4B-00C04F79EFBC}") = "EasyBus.Inbox.Core", "src\EasyBus.Inbox.Core\EasyBus.Inbox.Core.csproj", "{2332A3FE-8393-44C4-8DEF-C96EBA6A145F}"
EndProject
Project("{FAE04EC0-301F-11D3-BF4B-00C04F79EFBC}") = "EasyBus.Inbox.Infrastructure", "src\EasyBus.Inbox.Infrastructure\EasyBus.Inbox.Infrastructure.csproj", "{2B1C2B35-381E-40C2-9263-C441BE7EC760}"
EndProject
Project("{FAE04EC0-301F-11D3-BF4B-00C04F79EFBC}") = "EasyBus.Inbox.InMemory", "src\EasyBus.Inbox.InMemory\EasyBus.Inbox.InMemory.csproj", "{88781330-08E2-4364-B851-F97D75818FB2}"
EndProject
Global
	GlobalSection(SolutionConfigurationPlatforms) = preSolution
		Debug|Any CPU = Debug|Any CPU
		Release|Any CPU = Release|Any CPU
	EndGlobalSection
	GlobalSection(ProjectConfigurationPlatforms) = postSolution
		{433E68C5-2F5A-40E0-B052-54CD200B7E99}.Debug|Any CPU.ActiveCfg = Debug|Any CPU
		{433E68C5-2F5A-40E0-B052-54CD200B7E99}.Debug|Any CPU.Build.0 = Debug|Any CPU
		{433E68C5-2F5A-40E0-B052-54CD200B7E99}.Release|Any CPU.ActiveCfg = Release|Any CPU
		{433E68C5-2F5A-40E0-B052-54CD200B7E99}.Release|Any CPU.Build.0 = Release|Any CPU
		{CABF00B7-72B7-431A-84EA-02EB25F42837}.Debug|Any CPU.ActiveCfg = Debug|Any CPU
		{CABF00B7-72B7-431A-84EA-02EB25F42837}.Debug|Any CPU.Build.0 = Debug|Any CPU
		{CABF00B7-72B7-431A-84EA-02EB25F42837}.Release|Any CPU.ActiveCfg = Release|Any CPU
		{CABF00B7-72B7-431A-84EA-02EB25F42837}.Release|Any CPU.Build.0 = Release|Any CPU
		{7DC301C0-82E9-4329-9D95-597012BE826A}.Debug|Any CPU.ActiveCfg = Debug|Any CPU
		{7DC301C0-82E9-4329-9D95-597012BE826A}.Debug|Any CPU.Build.0 = Debug|Any CPU
		{7DC301C0-82E9-4329-9D95-597012BE826A}.Release|Any CPU.ActiveCfg = Release|Any CPU
		{7DC301C0-82E9-4329-9D95-597012BE826A}.Release|Any CPU.Build.0 = Release|Any CPU
		{576612A7-A160-483A-9653-1542DBC8A8D1}.Debug|Any CPU.ActiveCfg = Debug|Any CPU
		{576612A7-A160-483A-9653-1542DBC8A8D1}.Debug|Any CPU.Build.0 = Debug|Any CPU
		{576612A7-A160-483A-9653-1542DBC8A8D1}.Release|Any CPU.ActiveCfg = Release|Any CPU
		{576612A7-A160-483A-9653-1542DBC8A8D1}.Release|Any CPU.Build.0 = Release|Any CPU
		{D93465EB-CAF5-4C9B-97F4-9E357A08DB83}.Debug|Any CPU.ActiveCfg = Debug|Any CPU
		{D93465EB-CAF5-4C9B-97F4-9E357A08DB83}.Debug|Any CPU.Build.0 = Debug|Any CPU
		{D93465EB-CAF5-4C9B-97F4-9E357A08DB83}.Release|Any CPU.ActiveCfg = Release|Any CPU
		{D93465EB-CAF5-4C9B-97F4-9E357A08DB83}.Release|Any CPU.Build.0 = Release|Any CPU
		{BA0949D2-7690-420B-A5DE-531E519E77A9}.Debug|Any CPU.ActiveCfg = Debug|Any CPU
		{BA0949D2-7690-420B-A5DE-531E519E77A9}.Debug|Any CPU.Build.0 = Debug|Any CPU
		{BA0949D2-7690-420B-A5DE-531E519E77A9}.Release|Any CPU.ActiveCfg = Release|Any CPU
		{BA0949D2-7690-420B-A5DE-531E519E77A9}.Release|Any CPU.Build.0 = Release|Any CPU
		{297F1C3B-6644-4C6E-937F-622DA74E85AB}.Debug|Any CPU.ActiveCfg = Debug|Any CPU
		{297F1C3B-6644-4C6E-937F-622DA74E85AB}.Debug|Any CPU.Build.0 = Debug|Any CPU
		{297F1C3B-6644-4C6E-937F-622DA74E85AB}.Release|Any CPU.ActiveCfg = Release|Any CPU
		{297F1C3B-6644-4C6E-937F-622DA74E85AB}.Release|Any CPU.Build.0 = Release|Any CPU
		{2332A3FE-8393-44C4-8DEF-C96EBA6A145F}.Debug|Any CPU.ActiveCfg = Debug|Any CPU
		{2332A3FE-8393-44C4-8DEF-C96EBA6A145F}.Debug|Any CPU.Build.0 = Debug|Any CPU
		{2332A3FE-8393-44C4-8DEF-C96EBA6A145F}.Release|Any CPU.ActiveCfg = Release|Any CPU
		{2332A3FE-8393-44C4-8DEF-C96EBA6A145F}.Release|Any CPU.Build.0 = Release|Any CPU
		{2B1C2B35-381E-40C2-9263-C441BE7EC760}.Debug|Any CPU.ActiveCfg = Debug|Any CPU
		{2B1C2B35-381E-40C2-9263-C441BE7EC760}.Debug|Any CPU.Build.0 = Debug|Any CPU
		{2B1C2B35-381E-40C2-9263-C441BE7EC760}.Release|Any CPU.ActiveCfg = Release|Any CPU
		{2B1C2B35-381E-40C2-9263-C441BE7EC760}.Release|Any CPU.Build.0 = Release|Any CPU
		{88781330-08E2-4364-B851-F97D75818FB2}.Debug|Any CPU.ActiveCfg = Debug|Any CPU
		{88781330-08E2-4364-B851-F97D75818FB2}.Debug|Any CPU.Build.0 = Debug|Any CPU
		{88781330-08E2-4364-B851-F97D75818FB2}.Release|Any CPU.ActiveCfg = Release|Any CPU
		{88781330-08E2-4364-B851-F97D75818FB2}.Release|Any CPU.Build.0 = Release|Any CPU
	EndGlobalSection
	GlobalSection(NestedProjects) = preSolution
		{297F1C3B-6644-4C6E-937F-622DA74E85AB} = {9F44C232-2017-4CA3-9E11-E33B454E00B4}
		{2332A3FE-8393-44C4-8DEF-C96EBA6A145F} = {9F44C232-2017-4CA3-9E11-E33B454E00B4}
		{2B1C2B35-381E-40C2-9263-C441BE7EC760} = {9F44C232-2017-4CA3-9E11-E33B454E00B4}
		{88781330-08E2-4364-B851-F97D75818FB2} = {9F44C232-2017-4CA3-9E11-E33B454E00B4}
	EndGlobalSection
EndGlobal
